
Microsoft Visual Studio Solution File, Format Version 12.00
# Visual Studio Version 17
VisualStudioVersion = 17.0.31903.59
MinimumVisualStudioVersion = 10.0.40219.1
Project("{2150E333-8FDC-42A3-9474-1A3956D46DE8}") = "01_Shared", "01_Shared", "{E69B80C3-8902-4A2D-A5B2-7C3F811263A1}"
EndProject
Project("{2150E333-8FDC-42A3-9474-1A3956D46DE8}") = "02_Transport", "02_Transport", "{D762512F-8930-4822-835E-C3195C6B7B2E}"
EndProject
Project("{2150E333-8FDC-42A3-9474-1A3956D46DE8}") = "03_Protocol", "03_Protocol", "{8F9C1C2A-A6B1-4A2E-9C3E-A5B27C3F8112}"
EndProject
Project("{2150E333-8FDC-42A3-9474-1A3956D46DE8}") = "04_CDB", "04_CDB", "{A5B27C3F-8112-4A2D-9C3E-A6B1C2A6B1C2}"
EndProject
Project("{2150E333-8FDC-42A3-9474-1A3956D46DE8}") = "05_App", "05_App", "{9C3EA5B2-7C3F-8112-4A2D-A6B1C2A6B1C2}"
EndProject
Project("{2150E333-8FDC-42A3-9474-1A3956D46DE8}") = "06_UI", "06_UI", "{81124A2D-9C3E-A5B2-7C3F-A6B1C2A6B1C2}"
EndProject
Project("{FAE04EC0-301F-11D3-BF4B-00C04F79EFBC}") = "OpenCMIS.App.Core", "src\OpenCMIS.App.Core\OpenCMIS.App.Core.csproj", "{9E9BE8E9-6449-4C87-9EFB-DDED97576AE1}"
EndProject
Project("{FAE04EC0-301F-11D3-BF4B-00C04F79EFBC}") = "OpenCMIS.CDB.Abstractions", "src\OpenCMIS.CDB.Abstractions\OpenCMIS.CDB.Abstractions.csproj", "{40B4E4F6-E4A7-4CCB-8A50-5B2AC69FC2F8}"
EndProject
Project("{FAE04EC0-301F-11D3-BF4B-00C04F79EFBC}") = "OpenCMIS.CDB.Core", "src\OpenCMIS.CDB.Core\OpenCMIS.CDB.Core.csproj", "{535ACABB-6284-41BA-B410-81AFE31350CC}"
EndProject
Project("{FAE04EC0-301F-11D3-BF4B-00C04F79EFBC}") = "OpenCMIS.Protocol.Abstractions", "src\OpenCMIS.Protocol.Abstractions\OpenCMIS.Protocol.Abstractions.csproj", "{CEC666A7-109D-457D-98F4-057D8477310A}"
EndProject
Project("{FAE04EC0-301F-11D3-BF4B-00C04F79EFBC}") = "OpenCMIS.Protocol.Core", "src\OpenCMIS.Protocol.Core\OpenCMIS.Protocol.Core.csproj", "{998DD315-F68B-4075-8CC4-FF800D1ABA88}"
EndProject
Project("{FAE04EC0-301F-11D3-BF4B-00C04F79EFBC}") = "OpenCMIS.Shared", "src\OpenCMIS.Shared\OpenCMIS.Shared.csproj", "{983AF7C5-F5DC-4C56-9F41-BF86AF32D23E}"
EndProject
Project("{FAE04EC0-301F-11D3-BF4B-00C04F79EFBC}") = "OpenCMIS.Transport.Abstractions", "src\OpenCMIS.Transport.Abstractions\OpenCMIS.Transport.Abstractions.csproj", "{3D79BC90-80D9-4A18-A6A6-8456FB1727C7}"
EndProject
Project("{FAE04EC0-301F-11D3-BF4B-00C04F79EFBC}") = "OpenCMIS.Transport.I2C", "src\OpenCMIS.Transport.I2C\OpenCMIS.Transport.I2C.csproj", "{5A025F57-4CAC-4BDE-96BA-F51BBC4FEA7E}"
EndProject
Project("{FAE04EC0-301F-11D3-BF4B-00C04F79EFBC}") = "OpenCMIS.UI.CLI", "src\OpenCMIS.UI.CLI\OpenCMIS.UI.CLI.csproj", "{6BB888D0-17FB-468B-8EFC-902D7BDEA630}"
EndProject
Project("{FAE04EC0-301F-11D3-BF4B-00C04F79EFBC}") = "OpenCMIS.UI.WPF", "src\OpenCMIS.UI.WPF\OpenCMIS.UI.WPF.csproj", "{3CF0AA28-A6B9-4CA3-9F26-FE3F0F516C8E}"
EndProject
Project("{2150E333-8FDC-42A3-9474-1A3956D46DE8}") = "Tests", "Tests", "{0AB3BF05-4346-4AA6-1389-037BE0695223}"
EndProject
Project("{FAE04EC0-301F-11D3-BF4B-00C04F79EFBC}") = "OpenCMIS.Transport.Abstractions.Tests", "tests\OpenCMIS.Transport.Abstractions.Tests\OpenCMIS.Transport.Abstractions.Tests.csproj", "{E20FDC7B-A451-458F-9AAC-9A1FCB100748}"
EndProject
Project("{FAE04EC0-301F-11D3-BF4B-00C04F79EFBC}") = "OpenCMIS.Transport.I2C.Serial", "src\OpenCMIS.Transport.I2C.Serial\OpenCMIS.Transport.I2C.Serial.csproj", "{F81EF04F-1A09-4A9A-9D31-5741E3CD9EE2}"
EndProject
Project("{FAE04EC0-301F-11D3-BF4B-00C04F79EFBC}") = "OpenCMIS.Transport.I2C.Serial.Tests", "tests\OpenCMIS.Transport.I2C.Serial.Tests\OpenCMIS.Transport.I2C.Serial.Tests.csproj", "{83A01934-5E7F-4C7E-A391-F022FEB43F84}"
EndProject
Project("{FAE04EC0-301F-11D3-BF4B-00C04F79EFBC}") = "OpenCMIS.Module.Core", "src\OpenCMIS.Module.Core\OpenCMIS.Module.Core.csproj", "{9EACDD55-59CB-4050-AA4E-77011C97F1AD}"
EndProject
Project("{FAE04EC0-301F-11D3-BF4B-00C04F79EFBC}") = "OpenCMIS.Module.Core.Tests", "tests\OpenCMIS.Module.Core.Tests\OpenCMIS.Module.Core.Tests.csproj", "{3467C023-A35F-4AD5-AD88-1653E09D42EB}"
EndProject
Project("{FAE04EC0-301F-11D3-BF4B-00C04F79EFBC}") = "OpenCMIS.App.Core.Tests", "tests\OpenCMIS.App.Core.Tests\OpenCMIS.App.Core.Tests.csproj", "{6A58027C-D48F-4E08-89E5-BE57F60213EE}"
EndProject
Project("{2150E333-8FDC-42A3-9474-1A3956D46DE8}") = "src", "src", "{827E0CD3-B72D-47B6-A68D-7590B98EB39B}"
EndProject
Project("{FAE04EC0-301F-11D3-BF4B-00C04F79EFBC}") = "OpenCMIS.Cypress", "src\OpenCMIS.Cypress\OpenCMIS.Cypress.csproj", "{57202425-8BA6-4521-BAA7-101228C6B336}"
EndProject
Project("{FAE04EC0-301F-11D3-BF4B-00C04F79EFBC}") = "OpenCMIS.Transport.I2C.Cypress", "src\OpenCMIS.Transport.I2C.Cypress\OpenCMIS.Transport.I2C.Cypress.csproj", "{536CCF11-C9A5-4FB9-923C-F1D388250ED8}"
EndProject
Project("{FAE04EC0-301F-11D3-BF4B-00C04F79EFBC}") = "OpenCMIS.Transport.I2C.Cypress.Tests", "tests\OpenCMIS.Transport.I2C.Cypress.Tests\OpenCMIS.Transport.I2C.Cypress.Tests.csproj", "{2F982066-A5ED-4DB6-A42C-790CB83E711E}"
EndProject
Project("{FAE04EC0-301F-11D3-BF4B-00C04F79EFBC}") = "OpenCMIS.UI.WPF.Tests", "tests\OpenCMIS.UI.WPF.Tests\OpenCMIS.UI.WPF.Tests.csproj", "{B7E44DE1-67F8-4CDD-B0A2-956DE0363907}"
EndProject
Project("{FAE04EC0-301F-11D3-BF4B-00C04F79EFBC}") = "OpenCMIS.Transport.Simulated", "src\OpenCMIS.Transport.Simulated\OpenCMIS.Transport.Simulated.csproj", "{8C18F23B-C778-43E5-8D22-7570AE79883C}"
EndProject
Project("{FAE04EC0-301F-11D3-BF4B-00C04F79EFBC}") = "OpenCMIS.Transport.Simulated.Tests", "tests\OpenCMIS.Transport.Simulated.Tests\OpenCMIS.Transport.Simulated.Tests.csproj", "{B3A2D77C-3517-4BD2-B73A-CBC3E5FD767C}"
EndProject
Global
	GlobalSection(SolutionConfigurationPlatforms) = preSolution
		Debug|Any CPU = Debug|Any CPU
		Debug|x64 = Debug|x64
		Debug|x86 = Debug|x86
		Release|Any CPU = Release|Any CPU
		Release|x64 = Release|x64
		Release|x86 = Release|x86
	EndGlobalSection
	GlobalSection(ProjectConfigurationPlatforms) = postSolution
		{9E9BE8E9-6449-4C87-9EFB-DDED97576AE1}.Debug|Any CPU.ActiveCfg = Debug|Any CPU
		{9E9BE8E9-6449-4C87-9EFB-DDED97576AE1}.Debug|Any CPU.Build.0 = Debug|Any CPU
		{9E9BE8E9-6449-4C87-9EFB-DDED97576AE1}.Debug|x64.ActiveCfg = Debug|Any CPU
		{9E9BE8E9-6449-4C87-9EFB-DDED97576AE1}.Debug|x64.Build.0 = Debug|Any CPU
		{9E9BE8E9-6449-4C87-9EFB-DDED97576AE1}.Debug|x86.ActiveCfg = Debug|Any CPU
		{9E9BE8E9-6449-4C87-9EFB-DDED97576AE1}.Debug|x86.Build.0 = Debug|Any CPU
		{9E9BE8E9-6449-4C87-9EFB-DDED97576AE1}.Release|Any CPU.ActiveCfg = Release|Any CPU
		{9E9BE8E9-6449-4C87-9EFB-DDED97576AE1}.Release|Any CPU.Build.0 = Release|Any CPU
		{9E9BE8E9-6449-4C87-9EFB-DDED97576AE1}.Release|x64.ActiveCfg = Release|Any CPU
		{9E9BE8E9-6449-4C87-9EFB-DDED97576AE1}.Release|x64.Build.0 = Release|Any CPU
		{9E9BE8E9-6449-4C87-9EFB-DDED97576AE1}.Release|x86.ActiveCfg = Release|Any CPU
		{9E9BE8E9-6449-4C87-9EFB-DDED97576AE1}.Release|x86.Build.0 = Release|Any CPU
		{40B4E4F6-E4A7-4CCB-8A50-5B2AC69FC2F8}.Debug|Any CPU.ActiveCfg = Debug|Any CPU
		{40B4E4F6-E4A7-4CCB-8A50-5B2AC69FC2F8}.Debug|Any CPU.Build.0 = Debug|Any CPU
		{40B4E4F6-E4A7-4CCB-8A50-5B2AC69FC2F8}.Debug|x64.ActiveCfg = Debug|Any CPU
		{40B4E4F6-E4A7-4CCB-8A50-5B2AC69FC2F8}.Debug|x64.Build.0 = Debug|Any CPU
		{40B4E4F6-E4A7-4CCB-8A50-5B2AC69FC2F8}.Debug|x86.ActiveCfg = Debug|Any CPU
		{40B4E4F6-E4A7-4CCB-8A50-5B2AC69FC2F8}.Debug|x86.Build.0 = Debug|Any CPU
		{40B4E4F6-E4A7-4CCB-8A50-5B2AC69FC2F8}.Release|Any CPU.ActiveCfg = Release|Any CPU
		{40B4E4F6-E4A7-4CCB-8A50-5B2AC69FC2F8}.Release|Any CPU.Build.0 = Release|Any CPU
		{40B4E4F6-E4A7-4CCB-8A50-5B2AC69FC2F8}.Release|x64.ActiveCfg = Release|Any CPU
		{40B4E4F6-E4A7-4CCB-8A50-5B2AC69FC2F8}.Release|x64.Build.0 = Release|Any CPU
		{40B4E4F6-E4A7-4CCB-8A50-5B2AC69FC2F8}.Release|x86.ActiveCfg = Release|Any CPU
		{40B4E4F6-E4A7-4CCB-8A50-5B2AC69FC2F8}.Release|x86.Build.0 = Release|Any CPU
		{535ACABB-6284-41BA-B410-81AFE31350CC}.Debug|Any CPU.ActiveCfg = Debug|Any CPU
		{535ACABB-6284-41BA-B410-81AFE31350CC}.Debug|Any CPU.Build.0 = Debug|Any CPU
		{535ACABB-6284-41BA-B410-81AFE31350CC}.Debug|x64.ActiveCfg = Debug|Any CPU
		{535ACABB-6284-41BA-B410-81AFE31350CC}.Debug|x64.Build.0 = Debug|Any CPU
		{535ACABB-6284-41BA-B410-81AFE31350CC}.Debug|x86.ActiveCfg = Debug|Any CPU
		{535ACABB-6284-41BA-B410-81AFE31350CC}.Debug|x86.Build.0 = Debug|Any CPU
		{535ACABB-6284-41BA-B410-81AFE31350CC}.Release|Any CPU.ActiveCfg = Release|Any CPU
		{535ACABB-6284-41BA-B410-81AFE31350CC}.Release|Any CPU.Build.0 = Release|Any CPU
		{535ACABB-6284-41BA-B410-81AFE31350CC}.Release|x64.ActiveCfg = Release|Any CPU
		{535ACABB-6284-41BA-B410-81AFE31350CC}.Release|x64.Build.0 = Release|Any CPU
		{535ACABB-6284-41BA-B410-81AFE31350CC}.Release|x86.ActiveCfg = Release|Any CPU
		{535ACABB-6284-41BA-B410-81AFE31350CC}.Release|x86.Build.0 = Release|Any CPU
		{CEC666A7-109D-457D-98F4-057D8477310A}.Debug|Any CPU.ActiveCfg = Debug|Any CPU
		{CEC666A7-109D-457D-98F4-057D8477310A}.Debug|Any CPU.Build.0 = Debug|Any CPU
		{CEC666A7-109D-457D-98F4-057D8477310A}.Debug|x64.ActiveCfg = Debug|Any CPU
		{CEC666A7-109D-457D-98F4-057D8477310A}.Debug|x64.Build.0 = Debug|Any CPU
		{CEC666A7-109D-457D-98F4-057D8477310A}.Debug|x86.ActiveCfg = Debug|Any CPU
		{CEC666A7-109D-457D-98F4-057D8477310A}.Debug|x86.Build.0 = Debug|Any CPU
		{CEC666A7-109D-457D-98F4-057D8477310A}.Release|Any CPU.ActiveCfg = Release|Any CPU
		{CEC666A7-109D-457D-98F4-057D8477310A}.Release|Any CPU.Build.0 = Release|Any CPU
		{CEC666A7-109D-457D-98F4-057D8477310A}.Release|x64.ActiveCfg = Release|Any CPU
		{CEC666A7-109D-457D-98F4-057D8477310A}.Release|x64.Build.0 = Release|Any CPU
		{CEC666A7-109D-457D-98F4-057D8477310A}.Release|x86.ActiveCfg = Release|Any CPU
		{CEC666A7-109D-457D-98F4-057D8477310A}.Release|x86.Build.0 = Release|Any CPU
		{998DD315-F68B-4075-8CC4-FF800D1ABA88}.Debug|Any CPU.ActiveCfg = Debug|Any CPU
		{998DD315-F68B-4075-8CC4-FF800D1ABA88}.Debug|Any CPU.Build.0 = Debug|Any CPU
		{998DD315-F68B-4075-8CC4-FF800D1ABA88}.Debug|x64.ActiveCfg = Debug|Any CPU
		{998DD315-F68B-4075-8CC4-FF800D1ABA88}.Debug|x64.Build.0 = Debug|Any CPU
		{998DD315-F68B-4075-8CC4-FF800D1ABA88}.Debug|x86.ActiveCfg = Debug|Any CPU
		{998DD315-F68B-4075-8CC4-FF800D1ABA88}.Debug|x86.Build.0 = Debug|Any CPU
		{998DD315-F68B-4075-8CC4-FF800D1ABA88}.Release|Any CPU.ActiveCfg = Release|Any CPU
		{998DD315-F68B-4075-8CC4-FF800D1ABA88}.Release|Any CPU.Build.0 = Release|Any CPU
		{998DD315-F68B-4075-8CC4-FF800D1ABA88}.Release|x64.ActiveCfg = Release|Any CPU
		{998DD315-F68B-4075-8CC4-FF800D1ABA88}.Release|x64.Build.0 = Release|Any CPU
		{998DD315-F68B-4075-8CC4-FF800D1ABA88}.Release|x86.ActiveCfg = Release|Any CPU
		{998DD315-F68B-4075-8CC4-FF800D1ABA88}.Release|x86.Build.0 = Release|Any CPU
		{983AF7C5-F5DC-4C56-9F41-BF86AF32D23E}.Debug|Any CPU.ActiveCfg = Debug|Any CPU
		{983AF7C5-F5DC-4C56-9F41-BF86AF32D23E}.Debug|Any CPU.Build.0 = Debug|Any CPU
		{983AF7C5-F5DC-4C56-9F41-BF86AF32D23E}.Debug|x64.ActiveCfg = Debug|Any CPU
		{983AF7C5-F5DC-4C56-9F41-BF86AF32D23E}.Debug|x64.Build.0 = Debug|Any CPU
		{983AF7C5-F5DC-4C56-9F41-BF86AF32D23E}.Debug|x86.ActiveCfg = Debug|Any CPU
		{983AF7C5-F5DC-4C56-9F41-BF86AF32D23E}.Debug|x86.Build.0 = Debug|Any CPU
		{983AF7C5-F5DC-4C56-9F41-BF86AF32D23E}.Release|Any CPU.ActiveCfg = Release|Any CPU
		{983AF7C5-F5DC-4C56-9F41-BF86AF32D23E}.Release|Any CPU.Build.0 = Release|Any CPU
		{983AF7C5-F5DC-4C56-9F41-BF86AF32D23E}.Release|x64.ActiveCfg = Release|Any CPU
		{983AF7C5-F5DC-4C56-9F41-BF86AF32D23E}.Release|x64.Build.0 = Release|Any CPU
		{983AF7C5-F5DC-4C56-9F41-BF86AF32D23E}.Release|x86.ActiveCfg = Release|Any CPU
		{983AF7C5-F5DC-4C56-9F41-BF86AF32D23E}.Release|x86.Build.0 = Release|Any CPU
		{3D79BC90-80D9-4A18-A6A6-8456FB1727C7}.Debug|Any CPU.ActiveCfg = Debug|Any CPU
		{3D79BC90-80D9-4A18-A6A6-8456FB1727C7}.Debug|Any CPU.Build.0 = Debug|Any CPU
		{3D79BC90-80D9-4A18-A6A6-8456FB1727C7}.Debug|x64.ActiveCfg = Debug|Any CPU
		{3D79BC90-80D9-4A18-A6A6-8456FB1727C7}.Debug|x64.Build.0 = Debug|Any CPU
		{3D79BC90-80D9-4A18-A6A6-8456FB1727C7}.Debug|x86.ActiveCfg = Debug|Any CPU
		{3D79BC90-80D9-4A18-A6A6-8456FB1727C7}.Debug|x86.Build.0 = Debug|Any CPU
		{3D79BC90-80D9-4A18-A6A6-8456FB1727C7}.Release|Any CPU.ActiveCfg = Release|Any CPU
		{3D79BC90-80D9-4A18-A6A6-8456FB1727C7}.Release|Any CPU.Build.0 = Release|Any CPU
		{3D79BC90-80D9-4A18-A6A6-8456FB1727C7}.Release|x64.ActiveCfg = Release|Any CPU
		{3D79BC90-80D9-4A18-A6A6-8456FB1727C7}.Release|x64.Build.0 = Release|Any CPU
		{3D79BC90-80D9-4A18-A6A6-8456FB1727C7}.Release|x86.ActiveCfg = Release|Any CPU
		{3D79BC90-80D9-4A18-A6A6-8456FB1727C7}.Release|x86.Build.0 = Release|Any CPU
		{5A025F57-4CAC-4BDE-96BA-F51BBC4FEA7E}.Debug|Any CPU.ActiveCfg = Debug|Any CPU
		{5A025F57-4CAC-4BDE-96BA-F51BBC4FEA7E}.Debug|Any CPU.Build.0 = Debug|Any CPU
		{5A025F57-4CAC-4BDE-96BA-F51BBC4FEA7E}.Debug|x64.ActiveCfg = Debug|Any CPU
		{5A025F57-4CAC-4BDE-96BA-F51BBC4FEA7E}.Debug|x64.Build.0 = Debug|Any CPU
		{5A025F57-4CAC-4BDE-96BA-F51BBC4FEA7E}.Debug|x86.ActiveCfg = Debug|Any CPU
		{5A025F57-4CAC-4BDE-96BA-F51BBC4FEA7E}.Debug|x86.Build.0 = Debug|Any CPU
		{5A025F57-4CAC-4BDE-96BA-F51BBC4FEA7E}.Release|Any CPU.ActiveCfg = Release|Any CPU
		{5A025F57-4CAC-4BDE-96BA-F51BBC4FEA7E}.Release|Any CPU.Build.0 = Release|Any CPU
		{5A025F57-4CAC-4BDE-96BA-F51BBC4FEA7E}.Release|x64.ActiveCfg = Release|Any CPU
		{5A025F57-4CAC-4BDE-96BA-F51BBC4FEA7E}.Release|x64.Build.0 = Release|Any CPU
		{5A025F57-4CAC-4BDE-96BA-F51BBC4FEA7E}.Release|x86.ActiveCfg = Release|Any CPU
		{5A025F57-4CAC-4BDE-96BA-F51BBC4FEA7E}.Release|x86.Build.0 = Release|Any CPU
		{6BB888D0-17FB-468B-8EFC-902D7BDEA630}.Debug|Any CPU.ActiveCfg = Debug|Any CPU
		{6BB888D0-17FB-468B-8EFC-902D7BDEA630}.Debug|Any CPU.Build.0 = Debug|Any CPU
		{6BB888D0-17FB-468B-8EFC-902D7BDEA630}.Debug|x64.ActiveCfg = Debug|Any CPU
		{6BB888D0-17FB-468B-8EFC-902D7BDEA630}.Debug|x64.Build.0 = Debug|Any CPU
		{6BB888D0-17FB-468B-8EFC-902D7BDEA630}.Debug|x86.ActiveCfg = Debug|Any CPU
		{6BB888D0-17FB-468B-8EFC-902D7BDEA630}.Debug|x86.Build.0 = Debug|Any CPU
		{6BB888D0-17FB-468B-8EFC-902D7BDEA630}.Release|Any CPU.ActiveCfg = Release|Any CPU
		{6BB888D0-17FB-468B-8EFC-902D7BDEA630}.Release|Any CPU.Build.0 = Release|Any CPU
		{6BB888D0-17FB-468B-8EFC-902D7BDEA630}.Release|x64.ActiveCfg = Release|Any CPU
		{6BB888D0-17FB-468B-8EFC-902D7BDEA630}.Release|x64.Build.0 = Release|Any CPU
		{6BB888D0-17FB-468B-8EFC-902D7BDEA630}.Release|x86.ActiveCfg = Release|Any CPU
		{6BB888D0-17FB-468B-8EFC-902D7BDEA630}.Release|x86.Build.0 = Release|Any CPU
		{3CF0AA28-A6B9-4CA3-9F26-FE3F0F516C8E}.Debug|Any CPU.ActiveCfg = Debug|Any CPU
		{3CF0AA28-A6B9-4CA3-9F26-FE3F0F516C8E}.Debug|Any CPU.Build.0 = Debug|Any CPU
		{3CF0AA28-A6B9-4CA3-9F26-FE3F0F516C8E}.Debug|x64.ActiveCfg = Debug|Any CPU
		{3CF0AA28-A6B9-4CA3-9F26-FE3F0F516C8E}.Debug|x64.Build.0 = Debug|Any CPU
		{3CF0AA28-A6B9-4CA3-9F26-FE3F0F516C8E}.Debug|x86.ActiveCfg = Debug|Any CPU
		{3CF0AA28-A6B9-4CA3-9F26-FE3F0F516C8E}.Debug|x86.Build.0 = Debug|Any CPU
		{3CF0AA28-A6B9-4CA3-9F26-FE3F0F516C8E}.Release|Any CPU.ActiveCfg = Release|Any CPU
		{3CF0AA28-A6B9-4CA3-9F26-FE3F0F516C8E}.Release|Any CPU.Build.0 = Release|Any CPU
		{3CF0AA28-A6B9-4CA3-9F26-FE3F0F516C8E}.Release|x64.ActiveCfg = Release|Any CPU
		{3CF0AA28-A6B9-4CA3-9F26-FE3F0F516C8E}.Release|x64.Build.0 = Release|Any CPU
		{3CF0AA28-A6B9-4CA3-9F26-FE3F0F516C8E}.Release|x86.ActiveCfg = Release|Any CPU
		{3CF0AA28-A6B9-4CA3-9F26-FE3F0F516C8E}.Release|x86.Build.0 = Release|Any CPU
		{E20FDC7B-A451-458F-9AAC-9A1FCB100748}.Debug|Any CPU.ActiveCfg = Debug|Any CPU
		{E20FDC7B-A451-458F-9AAC-9A1FCB100748}.Debug|Any CPU.Build.0 = Debug|Any CPU
		{E20FDC7B-A451-458F-9AAC-9A1FCB100748}.Debug|x64.ActiveCfg = Debug|Any CPU
		{E20FDC7B-A451-458F-9AAC-9A1FCB100748}.Debug|x64.Build.0 = Debug|Any CPU
		{E20FDC7B-A451-458F-9AAC-9A1FCB100748}.Debug|x86.ActiveCfg = Debug|Any CPU
		{E20FDC7B-A451-458F-9AAC-9A1FCB100748}.Debug|x86.Build.0 = Debug|Any CPU
		{E20FDC7B-A451-458F-9AAC-9A1FCB100748}.Release|Any CPU.ActiveCfg = Release|Any CPU
		{E20FDC7B-A451-458F-9AAC-9A1FCB100748}.Release|Any CPU.Build.0 = Release|Any CPU
		{E20FDC7B-A451-458F-9AAC-9A1FCB100748}.Release|x64.ActiveCfg = Release|Any CPU
		{E20FDC7B-A451-458F-9AAC-9A1FCB100748}.Release|x64.Build.0 = Release|Any CPU
		{E20FDC7B-A451-458F-9AAC-9A1FCB100748}.Release|x86.ActiveCfg = Release|Any CPU
		{E20FDC7B-A451-458F-9AAC-9A1FCB100748}.Release|x86.Build.0 = Release|Any CPU
		{F81EF04F-1A09-4A9A-9D31-5741E3CD9EE2}.Debug|Any CPU.ActiveCfg = Debug|Any CPU
		{F81EF04F-1A09-4A9A-9D31-5741E3CD9EE2}.Debug|Any CPU.Build.0 = Debug|Any CPU
		{F81EF04F-1A09-4A9A-9D31-5741E3CD9EE2}.Debug|x64.ActiveCfg = Debug|Any CPU
		{F81EF04F-1A09-4A9A-9D31-5741E3CD9EE2}.Debug|x64.Build.0 = Debug|Any CPU
		{F81EF04F-1A09-4A9A-9D31-5741E3CD9EE2}.Debug|x86.ActiveCfg = Debug|Any CPU
		{F81EF04F-1A09-4A9A-9D31-5741E3CD9EE2}.Debug|x86.Build.0 = Debug|Any CPU
		{F81EF04F-1A09-4A9A-9D31-5741E3CD9EE2}.Release|Any CPU.ActiveCfg = Release|Any CPU
		{F81EF04F-1A09-4A9A-9D31-5741E3CD9EE2}.Release|Any CPU.Build.0 = Release|Any CPU
		{F81EF04F-1A09-4A9A-9D31-5741E3CD9EE2}.Release|x64.ActiveCfg = Release|Any CPU
		{F81EF04F-1A09-4A9A-9D31-5741E3CD9EE2}.Release|x64.Build.0 = Release|Any CPU
		{F81EF04F-1A09-4A9A-9D31-5741E3CD9EE2}.Release|x86.ActiveCfg = Release|Any CPU
		{F81EF04F-1A09-4A9A-9D31-5741E3CD9EE2}.Release|x86.Build.0 = Release|Any CPU
		{83A01934-5E7F-4C7E-A391-F022FEB43F84}.Debug|Any CPU.ActiveCfg = Debug|Any CPU
		{83A01934-5E7F-4C7E-A391-F022FEB43F84}.Debug|Any CPU.Build.0 = Debug|Any CPU
		{83A01934-5E7F-4C7E-A391-F022FEB43F84}.Debug|x64.ActiveCfg = Debug|Any CPU
		{83A01934-5E7F-4C7E-A391-F022FEB43F84}.Debug|x64.Build.0 = Debug|Any CPU
		{83A01934-5E7F-4C7E-A391-F022FEB43F84}.Debug|x86.ActiveCfg = Debug|Any CPU
		{83A01934-5E7F-4C7E-A391-F022FEB43F84}.Debug|x86.Build.0 = Debug|Any CPU
		{83A01934-5E7F-4C7E-A391-F022FEB43F84}.Release|Any CPU.ActiveCfg = Release|Any CPU
		{83A01934-5E7F-4C7E-A391-F022FEB43F84}.Release|Any CPU.Build.0 = Release|Any CPU
		{83A01934-5E7F-4C7E-A391-F022FEB43F84}.Release|x64.ActiveCfg = Release|Any CPU
		{83A01934-5E7F-4C7E-A391-F022FEB43F84}.Release|x64.Build.0 = Release|Any CPU
		{83A01934-5E7F-4C7E-A391-F022FEB43F84}.Release|x86.ActiveCfg = Release|Any CPU
		{83A01934-5E7F-4C7E-A391-F022FEB43F84}.Release|x86.Build.0 = Release|Any CPU
		{9EACDD55-59CB-4050-AA4E-77011C97F1AD}.Debug|Any CPU.ActiveCfg = Debug|Any CPU
		{9EACDD55-59CB-4050-AA4E-77011C97F1AD}.Debug|Any CPU.Build.0 = Debug|Any CPU
		{9EACDD55-59CB-4050-AA4E-77011C97F1AD}.Debug|x64.ActiveCfg = Debug|Any CPU
		{9EACDD55-59CB-4050-AA4E-77011C97F1AD}.Debug|x64.Build.0 = Debug|Any CPU
		{9EACDD55-59CB-4050-AA4E-77011C97F1AD}.Debug|x86.ActiveCfg = Debug|Any CPU
		{9EACDD55-59CB-4050-AA4E-77011C97F1AD}.Debug|x86.Build.0 = Debug|Any CPU
		{9EACDD55-59CB-4050-AA4E-77011C97F1AD}.Release|Any CPU.ActiveCfg = Release|Any CPU
		{9EACDD55-59CB-4050-AA4E-77011C97F1AD}.Release|Any CPU.Build.0 = Release|Any CPU
		{9EACDD55-59CB-4050-AA4E-77011C97F1AD}.Release|x64.ActiveCfg = Release|Any CPU
		{9EACDD55-59CB-4050-AA4E-77011C97F1AD}.Release|x64.Build.0 = Release|Any CPU
		{9EACDD55-59CB-4050-AA4E-77011C97F1AD}.Release|x86.ActiveCfg = Release|Any CPU
		{9EACDD55-59CB-4050-AA4E-77011C97F1AD}.Release|x86.Build.0 = Release|Any CPU
		{3467C023-A35F-4AD5-AD88-1653E09D42EB}.Debug|Any CPU.ActiveCfg = Debug|Any CPU
		{3467C023-A35F-4AD5-AD88-1653E09D42EB}.Debug|Any CPU.Build.0 = Debug|Any CPU
		{3467C023-A35F-4AD5-AD88-1653E09D42EB}.Debug|x64.ActiveCfg = Debug|Any CPU
		{3467C023-A35F-4AD5-AD88-1653E09D42EB}.Debug|x64.Build.0 = Debug|Any CPU
		{3467C023-A35F-4AD5-AD88-1653E09D42EB}.Debug|x86.ActiveCfg = Debug|Any CPU
		{3467C023-A35F-4AD5-AD88-1653E09D42EB}.Debug|x86.Build.0 = Debug|Any CPU
		{3467C023-A35F-4AD5-AD88-1653E09D42EB}.Release|Any CPU.ActiveCfg = Release|Any CPU
		{3467C023-A35F-4AD5-AD88-1653E09D42EB}.Release|Any CPU.Build.0 = Release|Any CPU
		{3467C023-A35F-4AD5-AD88-1653E09D42EB}.Release|x64.ActiveCfg = Release|Any CPU
		{3467C023-A35F-4AD5-AD88-1653E09D42EB}.Release|x64.Build.0 = Release|Any CPU
		{3467C023-A35F-4AD5-AD88-1653E09D42EB}.Release|x86.ActiveCfg = Release|Any CPU
		{3467C023-A35F-4AD5-AD88-1653E09D42EB}.Release|x86.Build.0 = Release|Any CPU
		{6A58027C-D48F-4E08-89E5-BE57F60213EE}.Debug|Any CPU.ActiveCfg = Debug|Any CPU
		{6A58027C-D48F-4E08-89E5-BE57F60213EE}.Debug|Any CPU.Build.0 = Debug|Any CPU
		{6A58027C-D48F-4E08-89E5-BE57F60213EE}.Debug|x64.ActiveCfg = Debug|Any CPU
		{6A58027C-D48F-4E08-89E5-BE57F60213EE}.Debug|x64.Build.0 = Debug|Any CPU
		{6A58027C-D48F-4E08-89E5-BE57F60213EE}.Debug|x86.ActiveCfg = Debug|Any CPU
		{6A58027C-D48F-4E08-89E5-BE57F60213EE}.Debug|x86.Build.0 = Debug|Any CPU
		{6A58027C-D48F-4E08-89E5-BE57F60213EE}.Release|Any CPU.ActiveCfg = Release|Any CPU
		{6A58027C-D48F-4E08-89E5-BE57F60213EE}.Release|Any CPU.Build.0 = Release|Any CPU
		{6A58027C-D48F-4E08-89E5-BE57F60213EE}.Release|x64.ActiveCfg = Release|Any CPU
		{6A58027C-D48F-4E08-89E5-BE57F60213EE}.Release|x64.Build.0 = Release|Any CPU
		{6A58027C-D48F-4E08-89E5-BE57F60213EE}.Release|x86.ActiveCfg = Release|Any CPU
		{6A58027C-D48F-4E08-89E5-BE57F60213EE}.Release|x86.Build.0 = Release|Any CPU
		{57202425-8BA6-4521-BAA7-101228C6B336}.Debug|Any CPU.ActiveCfg = Debug|Any CPU
		{57202425-8BA6-4521-BAA7-101228C6B336}.Debug|Any CPU.Build.0 = Debug|Any CPU
		{57202425-8BA6-4521-BAA7-101228C6B336}.Debug|x64.ActiveCfg = Debug|Any CPU
		{57202425-8BA6-4521-BAA7-101228C6B336}.Debug|x64.Build.0 = Debug|Any CPU
		{57202425-8BA6-4521-BAA7-101228C6B336}.Debug|x86.ActiveCfg = Debug|Any CPU
		{57202425-8BA6-4521-BAA7-101228C6B336}.Debug|x86.Build.0 = Debug|Any CPU
		{57202425-8BA6-4521-BAA7-101228C6B336}.Release|Any CPU.ActiveCfg = Release|Any CPU
		{57202425-8BA6-4521-BAA7-101228C6B336}.Release|Any CPU.Build.0 = Release|Any CPU
		{57202425-8BA6-4521-BAA7-101228C6B336}.Release|x64.ActiveCfg = Release|Any CPU
		{57202425-8BA6-4521-BAA7-101228C6B336}.Release|x64.Build.0 = Release|Any CPU
		{57202425-8BA6-4521-BAA7-101228C6B336}.Release|x86.ActiveCfg = Release|Any CPU
		{57202425-8BA6-4521-BAA7-101228C6B336}.Release|x86.Build.0 = Release|Any CPU
		{536CCF11-C9A5-4FB9-923C-F1D388250ED8}.Debug|Any CPU.ActiveCfg = Debug|Any CPU
		{536CCF11-C9A5-4FB9-923C-F1D388250ED8}.Debug|Any CPU.Build.0 = Debug|Any CPU
		{536CCF11-C9A5-4FB9-923C-F1D388250ED8}.Debug|x64.ActiveCfg = Debug|Any CPU
		{536CCF11-C9A5-4FB9-923C-F1D388250ED8}.Debug|x64.Build.0 = Debug|Any CPU
		{536CCF11-C9A5-4FB9-923C-F1D388250ED8}.Debug|x86.ActiveCfg = Debug|Any CPU
		{536CCF11-C9A5-4FB9-923C-F1D388250ED8}.Debug|x86.Build.0 = Debug|Any CPU
		{536CCF11-C9A5-4FB9-923C-F1D388250ED8}.Release|Any CPU.ActiveCfg = Release|Any CPU
		{536CCF11-C9A5-4FB9-923C-F1D388250ED8}.Release|Any CPU.Build.0 = Release|Any CPU
		{536CCF11-C9A5-4FB9-923C-F1D388250ED8}.Release|x64.ActiveCfg = Release|Any CPU
		{536CCF11-C9A5-4FB9-923C-F1D388250ED8}.Release|x64.Build.0 = Release|Any CPU
		{536CCF11-C9A5-4FB9-923C-F1D388250ED8}.Release|x86.ActiveCfg = Release|Any CPU
		{536CCF11-C9A5-4FB9-923C-F1D388250ED8}.Release|x86.Build.0 = Release|Any CPU
		{2F982066-A5ED-4DB6-A42C-790CB83E711E}.Debug|Any CPU.ActiveCfg = Debug|Any CPU
		{2F982066-A5ED-4DB6-A42C-790CB83E711E}.Debug|Any CPU.Build.0 = Debug|Any CPU
		{2F982066-A5ED-4DB6-A42C-790CB83E711E}.Debug|x64.ActiveCfg = Debug|Any CPU
		{2F982066-A5ED-4DB6-A42C-790CB83E711E}.Debug|x64.Build.0 = Debug|Any CPU
		{2F982066-A5ED-4DB6-A42C-790CB83E711E}.Debug|x86.ActiveCfg = Debug|Any CPU
		{2F982066-A5ED-4DB6-A42C-790CB83E711E}.Debug|x86.Build.0 = Debug|Any CPU
		{2F982066-A5ED-4DB6-A42C-790CB83E711E}.Release|Any CPU.ActiveCfg = Release|Any CPU
		{2F982066-A5ED-4DB6-A42C-790CB83E711E}.Release|Any CPU.Build.0 = Release|Any CPU
		{2F982066-A5ED-4DB6-A42C-790CB83E711E}.Release|x64.ActiveCfg = Release|Any CPU
		{2F982066-A5ED-4DB6-A42C-790CB83E711E}.Release|x64.Build.0 = Release|Any CPU
		{2F982066-A5ED-4DB6-A42C-790CB83E711E}.Release|x86.ActiveCfg = Release|Any CPU
		{2F982066-A5ED-4DB6-A42C-790CB83E711E}.Release|x86.Build.0 = Release|Any CPU
		{B7E44DE1-67F8-4CDD-B0A2-956DE0363907}.Debug|Any CPU.ActiveCfg = Debug|Any CPU
		{B7E44DE1-67F8-4CDD-B0A2-956DE0363907}.Debug|Any CPU.Build.0 = Debug|Any CPU
		{B7E44DE1-67F8-4CDD-B0A2-956DE0363907}.Debug|x64.ActiveCfg = Debug|Any CPU
		{B7E44DE1-67F8-4CDD-B0A2-956DE0363907}.Debug|x64.Build.0 = Debug|Any CPU
		{B7E44DE1-67F8-4CDD-B0A2-956DE0363907}.Debug|x86.ActiveCfg = Debug|Any CPU
		{B7E44DE1-67F8-4CDD-B0A2-956DE0363907}.Debug|x86.Build.0 = Debug|Any CPU
		{B7E44DE1-67F8-4CDD-B0A2-956DE0363907}.Release|Any CPU.ActiveCfg = Release|Any CPU
		{B7E44DE1-67F8-4CDD-B0A2-956DE0363907}.Release|Any CPU.Build.0 = Release|Any CPU
		{B7E44DE1-67F8-4CDD-B0A2-956DE0363907}.Release|x64.ActiveCfg = Release|Any CPU
		{B7E44DE1-67F8-4CDD-B0A2-956DE0363907}.Release|x64.Build.0 = Release|Any CPU
		{B7E44DE1-67F8-4CDD-B0A2-956DE0363907}.Release|x86.ActiveCfg = Release|Any CPU
		{B7E44DE1-67F8-4CDD-B0A2-956DE0363907}.Release|x86.Build.0 = Release|Any CPU
		{8C18F23B-C778-43E5-8D22-7570AE79883C}.Debug|Any CPU.ActiveCfg = Debug|Any CPU
		{8C18F23B-C778-43E5-8D22-7570AE79883C}.Debug|Any CPU.Build.0 = Debug|Any CPU
		{8C18F23B-C778-43E5-8D22-7570AE79883C}.Debug|x64.ActiveCfg = Debug|Any CPU
		{8C18F23B-C778-43E5-8D22-7570AE79883C}.Debug|x64.Build.0 = Debug|Any CPU
		{8C18F23B-C778-43E5-8D22-7570AE79883C}.Debug|x86.ActiveCfg = Debug|Any CPU
		{8C18F23B-C778-43E5-8D22-7570AE79883C}.Debug|x86.Build.0 = Debug|Any CPU
		{8C18F23B-C778-43E5-8D22-7570AE79883C}.Release|Any CPU.ActiveCfg = Release|Any CPU
		{8C18F23B-C778-43E5-8D22-7570AE79883C}.Release|Any CPU.Build.0 = Release|Any CPU
		{8C18F23B-C778-43E5-8D22-7570AE79883C}.Release|x64.ActiveCfg = Release|Any CPU
		{8C18F23B-C778-43E5-8D22-7570AE79883C}.Release|x64.Build.0 = Release|Any CPU
		{8C18F23B-C778-43E5-8D22-7570AE79883C}.Release|x86.ActiveCfg = Release|Any CPU
		{8C18F23B-C778-43E5-8D22-7570AE79883C}.Release|x86.Build.0 = Release|Any CPU
		{B3A2D77C-3517-4BD2-B73A-CBC3E5FD767C}.Debug|Any CPU.ActiveCfg = Debug|Any CPU
		{B3A2D77C-3517-4BD2-B73A-CBC3E5FD767C}.Debug|Any CPU.Build.0 = Debug|Any CPU
		{B3A2D77C-3517-4BD2-B73A-CBC3E5FD767C}.Debug|x64.ActiveCfg = Debug|Any CPU
		{B3A2D77C-3517-4BD2-B73A-CBC3E5FD767C}.Debug|x64.Build.0 = Debug|Any CPU
		{B3A2D77C-3517-4BD2-B73A-CBC3E5FD767C}.Debug|x86.ActiveCfg = Debug|Any CPU
		{B3A2D77C-3517-4BD2-B73A-CBC3E5FD767C}.Debug|x86.Build.0 = Debug|Any CPU
		{B3A2D77C-3517-4BD2-B73A-CBC3E5FD767C}.Release|Any CPU.ActiveCfg = Release|Any CPU
		{B3A2D77C-3517-4BD2-B73A-CBC3E5FD767C}.Release|Any CPU.Build.0 = Release|Any CPU
		{B3A2D77C-3517-4BD2-B73A-CBC3E5FD767C}.Release|x64.ActiveCfg = Release|Any CPU
		{B3A2D77C-3517-4BD2-B73A-CBC3E5FD767C}.Release|x64.Build.0 = Release|Any CPU
		{B3A2D77C-3517-4BD2-B73A-CBC3E5FD767C}.Release|x86.ActiveCfg = Release|Any CPU
		{B3A2D77C-3517-4BD2-B73A-CBC3E5FD767C}.Release|x86.Build.0 = Release|Any CPU
	EndGlobalSection
	GlobalSection(SolutionProperties) = preSolution
		HideSolutionNode = FALSE
	EndGlobalSection
	GlobalSection(NestedProjects) = preSolution
		{9E9BE8E9-6449-4C87-9EFB-DDED97576AE1} = {9C3EA5B2-7C3F-8112-4A2D-A6B1C2A6B1C2}
		{40B4E4F6-E4A7-4CCB-8A50-5B2AC69FC2F8} = {A5B27C3F-8112-4A2D-9C3E-A6B1C2A6B1C2}
		{535ACABB-6284-41BA-B410-81AFE31350CC} = {A5B27C3F-8112-4A2D-9C3E-A6B1C2A6B1C2}
		{CEC666A7-109D-457D-98F4-057D8477310A} = {8F9C1C2A-A6B1-4A2E-9C3E-A5B27C3F8112}
		{998DD315-F68B-4075-8CC4-FF800D1ABA88} = {8F9C1C2A-A6B1-4A2E-9C3E-A5B27C3F8112}
		{983AF7C5-F5DC-4C56-9F41-BF86AF32D23E} = {E69B80C3-8902-4A2D-A5B2-7C3F811263A1}
		{3D79BC90-80D9-4A18-A6A6-8456FB1727C7} = {D762512F-8930-4822-835E-C3195C6B7B2E}
		{5A025F57-4CAC-4BDE-96BA-F51BBC4FEA7E} = {D762512F-8930-4822-835E-C3195C6B7B2E}
		{6BB888D0-17FB-468B-8EFC-902D7BDEA630} = {81124A2D-9C3E-A5B2-7C3F-A6B1C2A6B1C2}
		{3CF0AA28-A6B9-4CA3-9F26-FE3F0F516C8E} = {81124A2D-9C3E-A5B2-7C3F-A6B1C2A6B1C2}
		{E20FDC7B-A451-458F-9AAC-9A1FCB100748} = {0AB3BF05-4346-4AA6-1389-037BE0695223}
		{F81EF04F-1A09-4A9A-9D31-5741E3CD9EE2} = {D762512F-8930-4822-835E-C3195C6B7B2E}
		{83A01934-5E7F-4C7E-A391-F022FEB43F84} = {0AB3BF05-4346-4AA6-1389-037BE0695223}
		{9EACDD55-59CB-4050-AA4E-77011C97F1AD} = {8F9C1C2A-A6B1-4A2E-9C3E-A5B27C3F8112}
		{3467C023-A35F-4AD5-AD88-1653E09D42EB} = {0AB3BF05-4346-4AA6-1389-037BE0695223}
		{6A58027C-D48F-4E08-89E5-BE57F60213EE} = {0AB3BF05-4346-4AA6-1389-037BE0695223}
		{57202425-8BA6-4521-BAA7-101228C6B336} = {827E0CD3-B72D-47B6-A68D-7590B98EB39B}
		{536CCF11-C9A5-4FB9-923C-F1D388250ED8} = {827E0CD3-B72D-47B6-A68D-7590B98EB39B}
		{2F982066-A5ED-4DB6-A42C-790CB83E711E} = {0AB3BF05-4346-4AA6-1389-037BE0695223}
		{B7E44DE1-67F8-4CDD-B0A2-956DE0363907} = {0AB3BF05-4346-4AA6-1389-037BE0695223}
		{8C18F23B-C778-43E5-8D22-7570AE79883C} = {D762512F-8930-4822-835E-C3195C6B7B2E}
		{B3A2D77C-3517-4BD2-B73A-CBC3E5FD767C} = {0AB3BF05-4346-4AA6-1389-037BE0695223}
	EndGlobalSection
	GlobalSection(ExtensibilityGlobals) = postSolution
		SolutionGuid = {B8612683-B9DA-4AEE-9C81-082D5C9C3BAC}
	EndGlobalSection
EndGlobal
